<Solution>
  <Folder Name="/samples/">
    <Project Path="samples/Immons.Tools.Maui.Inspector.Sample/Immons.Tools.Maui.Inspector.Sample.csproj" />
  </Folder>
  <Folder Name="/src/">
    <Project Path="src/Immons.Tools.Maui.Inspector.Extensions/Immons.Tools.Maui.Inspector.Extensions.csproj" />
    <Project Path="src/Immons.Tools.Maui.Inspector.Persistency/Immons.Tools.Maui.Inspector.Persistency.csproj" />
    <Project Path="src/Immons.Tools.Maui.Inspector.Sync/Immons.Tools.Maui.Inspector.Sync.csproj" />
    <Project Path="src/Immons.Tools.Maui.Inspector/Immons.Tools.Maui.Inspector.csproj" />
  </Folder>
  <Folder Name="/tests/">
    <Project Path="tests/PatcherTests/PatcherTests.csproj" />
  </Folder>
</Solution>
